
Microsoft Visual Studio Solution File, Format Version 12.00
# Visual Studio 15
VisualStudioVersion = 15.0.27004.2008
MinimumVisualStudioVersion = 10.0.40219.1
Project("{FAE04EC0-301F-11D3-BF4B-00C04F79EFBC}") = "ControlListasDobles", "ControlListasDobles\ControlListasDobles.csproj", "{07D1FFBD-B353-4152-936C-5F52F51D8056}"
EndProject
Global
	GlobalSection(SolutionConfigurationPlatforms) = preSolution
		Debug|Any CPU = Debug|Any CPU
		Release|Any CPU = Release|Any CPU
	EndGlobalSection
	GlobalSection(ProjectConfigurationPlatforms) = postSolution
		{07D1FFBD-B353-4152-936C-5F52F51D8056}.Debug|Any CPU.ActiveCfg = Debug|Any CPU
		{07D1FFBD-B353-4152-936C-5F52F51D8056}.Debug|Any CPU.Build.0 = Debug|Any CPU
		{07D1FFBD-B353-4152-936C-5F52F51D8056}.Release|Any CPU.ActiveCfg = Release|Any CPU
		{07D1FFBD-B353-4152-936C-5F52F51D8056}.Release|Any CPU.Build.0 = Release|Any CPU
	EndGlobalSection
	GlobalSection(SolutionProperties) = preSolution
		HideSolutionNode = FALSE
	EndGlobalSection
	GlobalSection(ExtensibilityGlobals) = postSolution
		SolutionGuid = {5D03DB54-5A01-442E-9F0A-4CB3E29EF385}
	EndGlobalSection
EndGlobal
